
Microsoft Visual Studio Solution File, Format Version 12.00
# Visual Studio 15
VisualStudioVersion = 15.0.27004.2010
MinimumVisualStudioVersion = 10.0.40219.1
Project("{FAE04EC0-301F-11D3-BF4B-00C04F79EFBC}") = "Y2016", "Y2016\Y2016.csproj", "{C2F049D6-3CD5-4B8D-86FD-7B585F9C7BCC}"
EndProject
Global
	GlobalSection(SolutionConfigurationPlatforms) = preSolution
		Debug|Any CPU = Debug|Any CPU
		Release|Any CPU = Release|Any CPU
	EndGlobalSection
	GlobalSection(ProjectConfigurationPlatforms) = postSolution
		{C2F049D6-3CD5-4B8D-86FD-7B585F9C7BCC}.Debug|Any CPU.ActiveCfg = Debug|Any CPU
		{C2F049D6-3CD5-4B8D-86FD-7B585F9C7BCC}.Debug|Any CPU.Build.0 = Debug|Any CPU
		{C2F049D6-3CD5-4B8D-86FD-7B585F9C7BCC}.Release|Any CPU.ActiveCfg = Release|Any CPU
		{C2F049D6-3CD5-4B8D-86FD-7B585F9C7BCC}.Release|Any CPU.Build.0 = Release|Any CPU
	EndGlobalSection
	GlobalSection(SolutionProperties) = preSolution
		HideSolutionNode = FALSE
	EndGlobalSection
	GlobalSection(ExtensibilityGlobals) = postSolution
		SolutionGuid = {0C88EC0D-2405-4DCF-A9F9-BB048D928459}
	EndGlobalSection
EndGlobal
